
Microsoft Visual Studio Solution File, Format Version 12.00
# Visual Studio Version 16
VisualStudioVersion = 16.0.30104.148
MinimumVisualStudioVersion = 10.0.40219.1
Project("{9A19103F-16F7-4668-BE54-9A1E7A4F7556}") = "Trustly.Ghder.Web", "Trustly.Ghder.Web\Trustly.Ghder.Web.csproj", "{0A604DA3-C064-4964-A212-1CDE25CC86AA}"
EndProject
Project("{9A19103F-16F7-4668-BE54-9A1E7A4F7556}") = "Trustly.Ghder.Core", "Trustly.Ghder.Core\Trustly.Ghder.Core.csproj", "{F136EC8F-232E-4D95-812C-1F92B9A40099}"
EndProject
Project("{FAE04EC0-301F-11D3-BF4B-00C04F79EFBC}") = "Trustly.Ghder.Tests", "Trustly.Ghder.Tests\Trustly.Ghder.Tests.csproj", "{0D1EFDA7-0B51-436E-B184-A6D18D70B300}"
EndProject
Global
	GlobalSection(SolutionConfigurationPlatforms) = preSolution
		Debug|Any CPU = Debug|Any CPU
		Release|Any CPU = Release|Any CPU
	EndGlobalSection
	GlobalSection(ProjectConfigurationPlatforms) = postSolution
		{0A604DA3-C064-4964-A212-1CDE25CC86AA}.Debug|Any CPU.ActiveCfg = Debug|Any CPU
		{0A604DA3-C064-4964-A212-1CDE25CC86AA}.Debug|Any CPU.Build.0 = Debug|Any CPU
		{0A604DA3-C064-4964-A212-1CDE25CC86AA}.Release|Any CPU.ActiveCfg = Release|Any CPU
		{0A604DA3-C064-4964-A212-1CDE25CC86AA}.Release|Any CPU.Build.0 = Release|Any CPU
		{F136EC8F-232E-4D95-812C-1F92B9A40099}.Debug|Any CPU.ActiveCfg = Debug|Any CPU
		{F136EC8F-232E-4D95-812C-1F92B9A40099}.Debug|Any CPU.Build.0 = Debug|Any CPU
		{F136EC8F-232E-4D95-812C-1F92B9A40099}.Release|Any CPU.ActiveCfg = Release|Any CPU
		{F136EC8F-232E-4D95-812C-1F92B9A40099}.Release|Any CPU.Build.0 = Release|Any CPU
		{0D1EFDA7-0B51-436E-B184-A6D18D70B300}.Debug|Any CPU.ActiveCfg = Debug|Any CPU
		{0D1EFDA7-0B51-436E-B184-A6D18D70B300}.Debug|Any CPU.Build.0 = Debug|Any CPU
		{0D1EFDA7-0B51-436E-B184-A6D18D70B300}.Release|Any CPU.ActiveCfg = Release|Any CPU
		{0D1EFDA7-0B51-436E-B184-A6D18D70B300}.Release|Any CPU.Build.0 = Release|Any CPU
	EndGlobalSection
	GlobalSection(SolutionProperties) = preSolution
		HideSolutionNode = FALSE
	EndGlobalSection
	GlobalSection(ExtensibilityGlobals) = postSolution
		SolutionGuid = {916EC6EF-EFB3-4995-A0F5-FF33EF4B05EA}
	EndGlobalSection
EndGlobal
